<?xml version="1.0" encoding="utf-8"?>
<Project ToolsVersion="4.0" xmlns="http://schemas.microsoft.com/developer/msbuild/2003">
  <ItemGroup>
    <ClCompile Include="src\main.cpp" />
    <ClCompile Include="src\pch.cpp" />
    <ClCompile Include="src\Drive.cpp" />
    <ClCompile Include="src\Directory.cpp" />
    <ClCompile Include="src\DirectoryBody.cpp" />
    <ClCompile Include="src\MemoryEntity.cpp" />
    <ClCompile Include="src\SmartEntityName.cpp" />
    <ClCompile Include="src\File.cpp" />
  </ItemGroup>
  <ItemGroup>
    <ClInclude Include="src\pch.h" />
    <ClInclude Include="src\Drive.h" />
    <ClInclude Include="src\DirectoryBody.h" />
    <ClInclude Include="src\MemoryEntity.h" />
    <ClInclude Include="src\Directory.h" />
    <ClInclude Include="src\SmartEntityName.h" />
    <ClInclude Include="src\File.h" />
  </ItemGroup>
</Project>