<?xml version="1.0" encoding="utf-8"?>
<Project ToolsVersion="4.0" xmlns="http://schemas.microsoft.com/developer/msbuild/2003">
  <ItemGroup>
    <ClCompile Include="src\pch.cpp" />
    <ClCompile Include="src\VirtualComputer\Commands.cpp" />
    <ClCompile Include="src\VirtualComputer\Directory.cpp" />
    <ClCompile Include="src\VirtualComputer\DirectoryBody.cpp" />
    <ClCompile Include="src\VirtualComputer\File.cpp" />
    <ClCompile Include="src\VirtualComputer\main.cpp" />
    <ClCompile Include="src\VirtualComputer\MemoryEntity.cpp" />
    <ClCompile Include="src\VirtualComputer\SmartEntityName.cpp" />
    <ClCompile Include="src\VirtualComputer\ErrorMessages.cpp" />
    <ClCompile Include="src\VirtualComputer\EntityType.cpp" />
    <ClCompile Include="src\VirtualComputer\HardDrive.cpp" />
    <ClCompile Include="src\VirtualComputer\Drive.cpp" />
  </ItemGroup>
  <ItemGroup>
    <ClInclude Include="src\pch.h" />
    <ClInclude Include="src\VirtualComputer\SmartEntityName.h" />
    <ClInclude Include="src\VirtualComputer\Commands.h" />
    <ClInclude Include="src\VirtualComputer\Directory.h" />
    <ClInclude Include="src\VirtualComputer\DirectoryBody.h" />
    <ClInclude Include="src\VirtualComputer\File.h" />
    <ClInclude Include="src\VirtualComputer\HelpBody.h" />
    <ClInclude Include="src\VirtualComputer\MemoryEntity.h" />
    <ClInclude Include="src\VirtualComputer\ErrorMessages.h" />
    <ClInclude Include="src\VirtualComputer\EntityType.h" />
    <ClInclude Include="src\VirtualComputer\HardDrive.h" />
    <ClInclude Include="src\VirtualComputer\Drive.h" />
  </ItemGroup>
</Project>